
Microsoft Visual Studio Solution File, Format Version 12.00
# Visual Studio Version 17
VisualStudioVersion = 17.6.33815.320
MinimumVisualStudioVersion = 10.0.40219.1
Project("{FAE04EC0-301F-11D3-BF4B-00C04F79EFBC}") = "MvcMovie", "MvcMovie\MvcMovie.csproj", "{1ED69A13-9B00-43BF-BECF-CFE6E359B985}"
EndProject
Global
	GlobalSection(SolutionConfigurationPlatforms) = preSolution
		Debug|Any CPU = Debug|Any CPU
		Release|Any CPU = Release|Any CPU
	EndGlobalSection
	GlobalSection(ProjectConfigurationPlatforms) = postSolution
		{1ED69A13-9B00-43BF-BECF-CFE6E359B985}.Debug|Any CPU.ActiveCfg = Debug|Any CPU
		{1ED69A13-9B00-43BF-BECF-CFE6E359B985}.Debug|Any CPU.Build.0 = Debug|Any CPU
		{1ED69A13-9B00-43BF-BECF-CFE6E359B985}.Release|Any CPU.ActiveCfg = Release|Any CPU
		{1ED69A13-9B00-43BF-BECF-CFE6E359B985}.Release|Any CPU.Build.0 = Release|Any CPU
	EndGlobalSection
	GlobalSection(SolutionProperties) = preSolution
		HideSolutionNode = FALSE
	EndGlobalSection
	GlobalSection(ExtensibilityGlobals) = postSolution
		SolutionGuid = {3BC12DB7-A193-4026-B9CD-D1838042A44C}
	EndGlobalSection
EndGlobal
